
Microsoft Visual Studio Solution File, Format Version 12.00
# Visual Studio Version 17
VisualStudioVersion = 17.6.33815.320
MinimumVisualStudioVersion = 10.0.40219.1
Project("{FAE04EC0-301F-11D3-BF4B-00C04F79EFBC}") = "YouTube Video Details Viewer", "YouTube Video Details Viewer.csproj", "{47627E71-E80D-4A04-8C34-8BF7D3EE964C}"
EndProject
Global
	GlobalSection(SolutionConfigurationPlatforms) = preSolution
		Debug|Any CPU = Debug|Any CPU
		Release|Any CPU = Release|Any CPU
	EndGlobalSection
	GlobalSection(ProjectConfigurationPlatforms) = postSolution
		{47627E71-E80D-4A04-8C34-8BF7D3EE964C}.Debug|Any CPU.ActiveCfg = Debug|Any CPU
		{47627E71-E80D-4A04-8C34-8BF7D3EE964C}.Debug|Any CPU.Build.0 = Debug|Any CPU
		{47627E71-E80D-4A04-8C34-8BF7D3EE964C}.Release|Any CPU.ActiveCfg = Release|Any CPU
		{47627E71-E80D-4A04-8C34-8BF7D3EE964C}.Release|Any CPU.Build.0 = Release|Any CPU
	EndGlobalSection
	GlobalSection(SolutionProperties) = preSolution
		HideSolutionNode = FALSE
	EndGlobalSection
	GlobalSection(ExtensibilityGlobals) = postSolution
		SolutionGuid = {5460906A-E22D-4E92-A1CD-49FF2D155A9A}
	EndGlobalSection
EndGlobal
