
Microsoft Visual Studio Solution File, Format Version 12.00
# Visual Studio Version 17
VisualStudioVersion = 17.6.33815.320
MinimumVisualStudioVersion = 10.0.40219.1
Project("{FAE04EC0-301F-11D3-BF4B-00C04F79EFBC}") = "Font Test Program", "Font Test Program.csproj", "{ADB06CCC-8F55-4898-9B02-AF668E1EFD13}"
EndProject
Global
	GlobalSection(SolutionConfigurationPlatforms) = preSolution
		Debug|Any CPU = Debug|Any CPU
		Release|Any CPU = Release|Any CPU
	EndGlobalSection
	GlobalSection(ProjectConfigurationPlatforms) = postSolution
		{ADB06CCC-8F55-4898-9B02-AF668E1EFD13}.Debug|Any CPU.ActiveCfg = Debug|Any CPU
		{ADB06CCC-8F55-4898-9B02-AF668E1EFD13}.Debug|Any CPU.Build.0 = Debug|Any CPU
		{ADB06CCC-8F55-4898-9B02-AF668E1EFD13}.Release|Any CPU.ActiveCfg = Release|Any CPU
		{ADB06CCC-8F55-4898-9B02-AF668E1EFD13}.Release|Any CPU.Build.0 = Release|Any CPU
	EndGlobalSection
	GlobalSection(SolutionProperties) = preSolution
		HideSolutionNode = FALSE
	EndGlobalSection
	GlobalSection(ExtensibilityGlobals) = postSolution
		SolutionGuid = {04FA7194-EBEB-40E8-AC0D-3D0013F8D223}
	EndGlobalSection
EndGlobal
